%{"connection": {:hex, :connection, "1.0.2", "f4a06dd3ecae4141aa66f94ce92ea4c4b8753069472814932f1cadbc3078ab80", [:mix], []},
  "earmark": {:hex, :earmark, "1.0.1", "2c2cd903bfdc3de3f189bd9a8d4569a075b88a8981ded9a0d95672f6e2b63141", [:mix], []},
  "ex_doc": {:git, "https://github.com/elixir-lang/ex_doc.git", "b64f718b507909936633e063f863b1ce9943cfb1", []},
  "inch_ex": {:hex, :inch_ex, "0.4.0", "27829de2227edfba8fa5c431088578685c0956128b40522957077963e563e868", [:mix], [{:poison, "~> 1.2", [hex: :poison, optional: false]}]},
  "poison": {:hex, :poison, "1.5.0", "f2f4f460623a6f154683abae34352525e1d918380267cdbd949a07ba57503248", [:mix], []},
  "poolboy": {:hex, :poolboy, "1.5.1", "6b46163901cfd0a1b43d692657ed9d7e599853b3b21b95ae5ae0a777cf9b6ca8", [:rebar], []}}
